
Microsoft Visual Studio Solution File, Format Version 12.00
# Visual Studio Version 17
VisualStudioVersion = 17.1.32210.238
MinimumVisualStudioVersion = 10.0.40219.1
Project("{9A19103F-16F7-4668-BE54-9A1E7A4F7556}") = "firenero.AsyncIO5", "firenero.AsyncIO5\firenero.AsyncIO5.csproj", "{AA376D58-BD02-4E49-B2DC-DF973939EEB9}"
EndProject
Project("{FAE04EC0-301F-11D3-BF4B-00C04F79EFBC}") = "fmdev.ResX5", "fmdev.ResX5\fmdev.ResX5.csproj", "{C438A609-68DB-41B6-87FC-8C0892DFEB26}"
EndProject
Project("{FAE04EC0-301F-11D3-BF4B-00C04F79EFBC}") = "XliffParser5", "XliffParser5\XliffParser5.csproj", "{D80886D8-C430-4515-B4B7-2E18EB578503}"
EndProject
Project("{9A19103F-16F7-4668-BE54-9A1E7A4F7556}") = "SunamoExceptions5", "..\sunamoWithoutDep5\SunamoExceptions5\SunamoExceptions5.csproj", "{8E0024AA-AD94-4501-AD43-7F7F35C5CC6F}"
EndProject
Global
	GlobalSection(SolutionConfigurationPlatforms) = preSolution
		Debug|Any CPU = Debug|Any CPU
		Release|Any CPU = Release|Any CPU
	EndGlobalSection
	GlobalSection(ProjectConfigurationPlatforms) = postSolution
		{AA376D58-BD02-4E49-B2DC-DF973939EEB9}.Debug|Any CPU.ActiveCfg = Debug|Any CPU
		{AA376D58-BD02-4E49-B2DC-DF973939EEB9}.Debug|Any CPU.Build.0 = Debug|Any CPU
		{AA376D58-BD02-4E49-B2DC-DF973939EEB9}.Release|Any CPU.ActiveCfg = Release|Any CPU
		{AA376D58-BD02-4E49-B2DC-DF973939EEB9}.Release|Any CPU.Build.0 = Release|Any CPU
		{C438A609-68DB-41B6-87FC-8C0892DFEB26}.Debug|Any CPU.ActiveCfg = Debug|Any CPU
		{C438A609-68DB-41B6-87FC-8C0892DFEB26}.Debug|Any CPU.Build.0 = Debug|Any CPU
		{C438A609-68DB-41B6-87FC-8C0892DFEB26}.Release|Any CPU.ActiveCfg = Release|Any CPU
		{C438A609-68DB-41B6-87FC-8C0892DFEB26}.Release|Any CPU.Build.0 = Release|Any CPU
		{D80886D8-C430-4515-B4B7-2E18EB578503}.Debug|Any CPU.ActiveCfg = Debug|Any CPU
		{D80886D8-C430-4515-B4B7-2E18EB578503}.Debug|Any CPU.Build.0 = Debug|Any CPU
		{D80886D8-C430-4515-B4B7-2E18EB578503}.Release|Any CPU.ActiveCfg = Release|Any CPU
		{D80886D8-C430-4515-B4B7-2E18EB578503}.Release|Any CPU.Build.0 = Release|Any CPU
		{8E0024AA-AD94-4501-AD43-7F7F35C5CC6F}.Debug|Any CPU.ActiveCfg = Debug|Any CPU
		{8E0024AA-AD94-4501-AD43-7F7F35C5CC6F}.Debug|Any CPU.Build.0 = Debug|Any CPU
		{8E0024AA-AD94-4501-AD43-7F7F35C5CC6F}.Release|Any CPU.ActiveCfg = Release|Any CPU
		{8E0024AA-AD94-4501-AD43-7F7F35C5CC6F}.Release|Any CPU.Build.0 = Release|Any CPU
	EndGlobalSection
	GlobalSection(SolutionProperties) = preSolution
		HideSolutionNode = FALSE
	EndGlobalSection
	GlobalSection(ExtensibilityGlobals) = postSolution
		SolutionGuid = {7275DACC-5AB5-46A7-BE7F-F08D935E2EBD}
	EndGlobalSection
EndGlobal
